{
  "version": 1,
  "dependencies": {
    "net10.0": {
      "FSharp.Core": {
        "type": "Direct",
        "requested": "[11.0.101-rc1.26425.128, )",
        "resolved": "11.0.101-rc1.26425.128",
        "contentHash": "IXKJwuqgq5HwFWw1gM27SYl8Ztgb4tTPA7b3hn3ePv0cobG/iLBZ9c9a0VLzSPxT8QH7ZSxIdYCT5NtvTIcYww=="
      },
      "Nacara.Core": {
        "type": "Direct",
        "requested": "[2.0.0-beta.6, )",
        "resolved": "2.0.0-beta.6",
        "contentHash": "IvAtbADun05y/u7sX3U6to/+tyXUq0VC7y31eWtNKa96nPI1XZRqUeR/T2RpNr2OvASd0gznVJfcldWcZrKVMA==",
        "dependencies": {
          "FSharp.Core": "10.1.300",
          "Feliz.ViewEngine": "1.0.3",
          "Microsoft.Extensions.FileSystemGlobbing": "10.0.11",
          "YamlDotNet": "18.1.0"
        }
      },
      "Nacara.Plugin.Highlight.TextMate": {
        "type": "Direct",
        "requested": "[1.0.0-beta.1, )",
        "resolved": "1.0.0-beta.1",
        "contentHash": "7TEXzmm8EWSCdytVtbacbALY7GU29tyzQosn7YZ18tsn7/k6T1/SDtiL5fxNtDauE/7YfREZopU7MjDIAswfuw==",
        "dependencies": {
          "FSharp.Core": "10.1.300",
          "Nacara.Core": "2.0.0-beta.1",
          "TextMateSharp": "2.0.4",
          "TextMateSharp.Grammars": "2.0.4"
        }
      },
      "Nacara.Plugin.Literate": {
        "type": "Direct",
        "requested": "[1.0.0-beta.1, )",
        "resolved": "1.0.0-beta.1",
        "contentHash": "c/kNGCrhTfRXswt5WQp5VdtgGxIe/NEbhywiZlPUBZuGcoZiqBwc4fjiAdXJ1Fzo4abP0adKnHLG/64YYoPzig==",
        "dependencies": {
          "FSharp.Core": "10.1.300",
          "Nacara.Core": "2.0.0-beta.1"
        }
      },
      "Nacara.Plugin.Markdown": {
        "type": "Direct",
        "requested": "[1.0.0-beta.2, )",
        "resolved": "1.0.0-beta.2",
        "contentHash": "TkGArjH5hRQabgUUEgl9iOJLRzxwLoYrSGzfbHGT5A9QHmlp76yZSua53pPm0NzHVmO1kecTITZ3UuLf5CIFGg==",
        "dependencies": {
          "FSharp.Core": "10.1.300",
          "Markdig": "1.3.2",
          "Nacara.Core": "2.0.0-beta.6"
        }
      },
      "Oxpecker.ViewEngine": {
        "type": "Direct",
        "requested": "[3.0.0-beta-2, )",
        "resolved": "3.0.0-beta-2",
        "contentHash": "4LCNRjlvAjYVyeh3qZU6TzIXQzUNzm4/Y2lZDxdovk3Nm1yaktBfLB9VODSa2hnD9zf3NkWD265p7iZkDyZXAA==",
        "dependencies": {
          "FSharp.Core": "10.0.100",
          "Microsoft.Extensions.ObjectPool": "10.0.0"
        }
      },
      "Partas.Nacara.Plugins.Solid": {
        "type": "Direct",
        "requested": "[0.1.0-local.08bba7a, )",
        "resolved": "0.1.0-local.08bba7a",
        "contentHash": "ugMxmPuvnVAp84sxEzZBV6bfjzkzlqapI+046NMzKotG0zZLGzRPlNbzM7WUHt9mOBvHfK16Y9TQCLLOcq5PCg==",
        "dependencies": {
          "FSharp.Core": "11.0.101-rc1.26425.128",
          "Nacara.Core": "2.0.0-beta.6"
        }
      },
      "Partas.Nacara.Theme": {
        "type": "Direct",
        "requested": "[0.2.0, )",
        "resolved": "0.2.0",
        "contentHash": "qW1xlKc4NcOnx/fpqSD3ysHmSyMxJnRPXbVOkHuObxLiTlfccBLbDF//d8I0xlLaSD5U1YP3bi4EUeV/Une3jQ==",
        "dependencies": {
          "FSharp.Core": "11.0.101-rc1.26425.128",
          "Fss-lib.Core": "3.0.0",
          "Fss-lib.Static": "3.0.0",
          "Nacara.Core": "2.0.0-beta.6",
          "Partas.Nacara.Theme.Contracts": "0.1.0"
        }
      },
      "Fable.AST": {
        "type": "Transitive",
        "resolved": "5.0.0",
        "contentHash": "x6s0UlpG4SIR+c36YsuXL7RK6y3aKntbIEbEm+ZbwdEd8C6A0y8Dzfsrbp5xoKsNcpCrj4LVisLoN33eFixAng=="
      },
      "Fable.Browser.Blob": {
        "type": "Transitive",
        "resolved": "1.4.0",
        "contentHash": "UlaxrIXUfMmABjP+8a4XJp/Af+eCRKa8KJ57Olq4sqphmPLn/gNtp3sk5hRNBZ385lwUszbO5yd3Q/rrl9BdOQ==",
        "dependencies": {
          "FSharp.Core": "4.7.2",
          "Fable.Core": "3.2.8"
        }
      },
      "Fable.Browser.Dom": {
        "type": "Transitive",
        "resolved": "2.20.0",
        "contentHash": "8MnTBQ3NtWABhT8KXJZ7dracK4La3LrX265eqRJiiXayU6acNvzjBltYsyMmarqUhRf723e3hyHTKNOLQITosQ==",
        "dependencies": {
          "FSharp.Core": "4.7.2",
          "Fable.Browser.Blob": "1.4.0",
          "Fable.Browser.Event": "1.7.0",
          "Fable.Browser.WebStorage": "1.3.0",
          "Fable.Core": "3.2.8"
        }
      },
      "Fable.Browser.Event": {
        "type": "Transitive",
        "resolved": "1.7.0",
        "contentHash": "x+wqXQK0l4VlCnELDp68GC/mZAx6NbicDxYPliyAoNq8RPNDeR3R782icNwI5YmA+ufq11XvG6w1JjsL/ldy7w==",
        "dependencies": {
          "FSharp.Core": "4.7.2",
          "Fable.Browser.Gamepad": "1.3.0",
          "Fable.Core": "3.2.8"
        }
      },
      "Fable.Browser.Gamepad": {
        "type": "Transitive",
        "resolved": "1.3.0",
        "contentHash": "C4HZDzCgff+U094QjpQlJh425W5j5/vojvOi2FV5UFS34l7TJ6YBgBPpKoro02QhAi/UF3AeocR+V2yiYxHb0A==",
        "dependencies": {
          "FSharp.Core": "4.7.2",
          "Fable.Core": "3.2.8"
        }
      },
      "Fable.Browser.WebStorage": {
        "type": "Transitive",
        "resolved": "1.3.0",
        "contentHash": "x8JL9oEtPiK0JY4GrRTqhomiLxT6Jaiv5uu8VXiNeA78bFvUogZWxQeejsK83iNFGErK5wpdiPd0tsREZTRLeg==",
        "dependencies": {
          "FSharp.Core": "4.7.2",
          "Fable.Browser.Event": "1.6.0",
          "Fable.Core": "3.2.8"
        }
      },
      "Fable.Core": {
        "type": "Transitive",
        "resolved": "5.3.0",
        "contentHash": "UAAdJeT3OEayd2x97U+fXxj6SCTByzTbjw8Rw5VKuYfcereVG4rYMAfoykIxm+Zr0g2FXwlcw1LR9c+AAXeyMQ==",
        "dependencies": {
          "FSharp.Core": "4.7.2"
        }
      },
      "Feliz.ViewEngine": {
        "type": "Transitive",
        "resolved": "1.0.3",
        "contentHash": "962ikmdW9oKmB4p6BJLM75D5SQJHFB+DmIUeKmHwoP1uZaXbvsXbQKQFi5slzGGUvOP8L3TYhRex6QVJri0Zjw==",
        "dependencies": {
          "Fsharp.Core": "4.7.0"
        }
      },
      "Fss-lib.Core": {
        "type": "Transitive",
        "resolved": "3.0.0",
        "contentHash": "CG1zA4soEszRQY9T9q2b89gUuzhR0ABSNgIpsFVckxRl4vQ/h0pBgJzqR8ZWzO5pBOGd3h35/Gjt105ZvtZs8w==",
        "dependencies": {
          "FSharp.Core": "10.0.103"
        }
      },
      "Fss-lib.Static": {
        "type": "Transitive",
        "resolved": "3.0.0",
        "contentHash": "I7ygz9EgiDlIn1+QsTt+s0/SEA1XWhAj3//ZtPNd18PokoXAUWosKcRqgloXO11WpTB5Z792pWJ02DU25gVp8w==",
        "dependencies": {
          "FSharp.Core": "10.0.103",
          "Fss-lib.Core": "3.0.0"
        }
      },
      "Markdig": {
        "type": "Transitive",
        "resolved": "1.3.2",
        "contentHash": "fZgOC/3CswUrndjDTac70aQpYdtxbW5+5bRumR7vzvI2HJbkmgKisB1c9oT+GA6v0jB/JDR9BLa9FiPzQmaK6A=="
      },
      "Microsoft.Extensions.FileSystemGlobbing": {
        "type": "Transitive",
        "resolved": "10.0.11",
        "contentHash": "2i6rtW/B5rCnWCnhdmWWEmaM9O0HD0zsPY9eRqa++y4tclI3Uw8zvGbBvhY/LjAdtf8gUHhUPcAWj3DRlWMXmQ=="
      },
      "Microsoft.Extensions.ObjectPool": {
        "type": "Transitive",
        "resolved": "10.0.0",
        "contentHash": "bpeCq0IYmVLACyEUMzFIOQX+zZUElG1t+nu1lSxthe7B+1oNYking7b91305+jNB6iwojp9fqTY9O+Nh7ULQxg=="
      },
      "Onigwrap": {
        "type": "Transitive",
        "resolved": "1.0.11",
        "contentHash": "5/WAxSYWfiiPzp1X13qqdqjFmYLKDD/U7Vh3WCkKxWG9BjqdrXnQE5fCKCFJX+xWvuYLTxwZIVWBwBWObViE8g=="
      },
      "Partas.AnimeJs": {
        "type": "Transitive",
        "resolved": "0.1.0",
        "contentHash": "L/P4qJh1KCv4XzV2AVw9MCG1ddurwhFEpeP00ZdtEkHG0QA7gOuLQ3Q06kZLU8SQwHWjvoTtnmvyjZcIImK7iQ==",
        "dependencies": {
          "FSharp.Core": "10.1.401",
          "Fable.Core": "5.3.0",
          "Xantham.Fable.Core": "0.1.1",
          "Xantham.Fable.Core.TS": "0.1.1"
        }
      },
      "Partas.Nacara.Theme.Contracts": {
        "type": "Transitive",
        "resolved": "0.1.0",
        "contentHash": "EP7LcmrMoGPr6yb2gsaRSX58BzFjHCnpeYHh7+/6x3rx6IU8um+Cpz0hzLjvkSO/yGwtxe8Xy69CUWPx2gTzqQ==",
        "dependencies": {
          "FSharp.Core": "11.0.101-rc1.26425.128"
        }
      },
      "Partas.Solid": {
        "type": "Transitive",
        "resolved": "3.0.0-local.e08ad85",
        "contentHash": "iNDk0QuwbDfcx+ZmCGXA70N3tZ24FflPW5IP1XL7Rdh/MADc8YJHWKAHlray9AsVszrSh0SHSPUNYMQIP6l95A==",
        "dependencies": {
          "FSharp.Core": "10.0.100",
          "Fable.Browser.Dom": "2.20.0",
          "Fable.Core": "5.2.0",
          "Partas.Solid.FablePlugin": "3.0.0-local.e08ad85",
          "Xantham.Fable.Core.TS": "0.1.0-alpha.3"
        }
      },
      "Partas.Solid.FablePlugin": {
        "type": "Transitive",
        "resolved": "3.0.0-local.e08ad85",
        "contentHash": "/2FBVhrNvcYkB9VdH+7EguA0aJfOAbUb4GBcBOB+do8UBdu7M0Y52LeP+ifI8IASUb2myiXVHFvKJ9jhPhUI1g==",
        "dependencies": {
          "FSharp.Core": "10.0.100",
          "Fable.AST": "5.0.0"
        }
      },
      "TextMateSharp": {
        "type": "Transitive",
        "resolved": "2.0.4",
        "contentHash": "5Pvn+A4zb1IF+ACAVhgw1aGf9kTyx6j7v5hdup7nCS89Nzby8KQAlCfQ54VC/GAsEoQwh4zKa5MKlAaql8nkPg==",
        "dependencies": {
          "Onigwrap": "1.0.11"
        }
      },
      "TextMateSharp.Grammars": {
        "type": "Transitive",
        "resolved": "2.0.4",
        "contentHash": "jzOY00q5u5Vs4L9n2m2PnRZDGwWt2uwkOLh7qlVdCx1kkGSn5eaW5XgnYCyTzEbsCwLV2xlEolnNkr/wuIMAbA==",
        "dependencies": {
          "TextMateSharp": "2.0.4"
        }
      },
      "Xantham.Fable.Core": {
        "type": "Transitive",
        "resolved": "0.1.1",
        "contentHash": "8g8/ouZy9+KD3Kk92PG1NsvNnfYpTQShSJ4kaDyb1dz5DYtD/CmvRaQnURmZSgTDVTB/2iIpwfRcj5CypBabjQ==",
        "dependencies": {
          "Fable.Core": "5.2.0"
        }
      },
      "Xantham.Fable.Core.TS": {
        "type": "Transitive",
        "resolved": "0.1.1",
        "contentHash": "zIjIsOu7uf3qpgD6rotju2mWIZOOPpv/N8iTNt6FtmGiUuXm3LanGxztsXHAU7toCq0R2y/tv52Z/NSAPPhy0w==",
        "dependencies": {
          "Fable.Core": "5.2.0",
          "Xantham.Fable.Core": "0.1.1"
        }
      },
      "YamlDotNet": {
        "type": "Transitive",
        "resolved": "18.1.0",
        "contentHash": "5K+9KFg2TdTl7VXv88Qzi/0lqK6JFoNP3lRuImPYGRV7K/QYklDyTrj4+A+KAki1JsQi6qKY+hDyY7d6WRqjrw=="
      },
      "profile.components": {
        "type": "Project",
        "dependencies": {
          "FSharp.Core": "[11.0.101-rc1.26425.128, )",
          "Partas.AnimeJs": "[0.1.0, )",
          "Partas.Solid": "[3.0.0-local.e08ad85, )",
          "Profile.RanvierMaps": "[1.0.0, )",
          "Xantham.Fable.Core": "[0.1.1, )",
          "Xantham.Fable.Core.TS": "[0.1.1, )"
        }
      },
      "profile.ranviermaps": {
        "type": "Project",
        "dependencies": {
          "FSharp.Core": "[11.0.101-rc1.26425.128, )",
          "Partas.AnimeJs": "[0.1.0, )",
          "Partas.Solid": "[3.0.0-local.e08ad85, )",
          "Ranvier": "[1.0.0, )"
        }
      },
      "ranvier": {
        "type": "Project",
        "dependencies": {
          "FSharp.Core": "[11.0.101-rc1.26425.128, )",
          "Fable.Core": "[5.3.0, )"
        }
      }
    }
  }
}